{
  "lockfileVersion": 1,
  "workspaces": {
    "": {
      "dependencies": {
        "lucide-react": "^0.514.0",
        "zustand": "^5.0.5",
      },
      "devDependencies": {
        "@types/react": "^19.1.7",
        "@types/react-dom": "^19.1.6",
      },
    },
  },
  "packages": {
    "@types/react": ["@types/react@19.1.7", "", { "dependencies": { "csstype": "^3.0.2" } }, "sha512-BnsPLV43ddr05N71gaGzyZ5hzkCmGwhMvYc8zmvI8Ci1bRkkDSzDDVfAXfN2tk748OwI7ediiPX6PfT9p0QGVg=="],

    "@types/react-dom": ["@types/react-dom@19.1.6", "", { "peerDependencies": { "@types/react": "^19.0.0" } }, "sha512-4hOiT/dwO8Ko0gV1m/TJZYk3y0KBnY9vzDh7W+DH17b2HFSOGgdj33dhihPeuy3l0q23+4e+hoXHV6hCC4dCXw=="],

    "csstype": ["csstype@3.1.3", "", {}, "sha512-M1uQkMl8rQK/szD0LNhtqxIPLpimGm8sOBwU7lLnCpSbTyY3yeU1Vc7l4KT5zT4s/yOxHH5O7tIuuLOCnLADRw=="],

    "lucide-react": ["lucide-react@0.514.0", "", { "peerDependencies": { "react": "^16.5.1 || ^17.0.0 || ^18.0.0 || ^19.0.0" } }, "sha512-HXD0OAMd+JM2xCjlwG1EGW9Nuab64dhjO3+MvdyD+pSUeOTBaVAPhQblKIYmmX4RyBYbdzW0VWnJpjJmxWGr6w=="],

    "react": ["react@19.1.0", "", {}, "sha512-FS+XFBNvn3GTAWq26joslQgWNoFu08F4kl0J4CgdNKADkdSGXQyTCnKteIAJy96Br6YbpEU1LSzV5dYtjMkMDg=="],

    "zustand": ["zustand@5.0.5", "", { "peerDependencies": { "@types/react": ">=18.0.0", "immer": ">=9.0.6", "react": ">=18.0.0", "use-sync-external-store": ">=1.2.0" }, "optionalPeers": ["@types/react", "immer", "react", "use-sync-external-store"] }, "sha512-mILtRfKW9xM47hqxGIxCv12gXusoY/xTSHBYApXozR0HmQv299whhBeeAcRy+KrPPybzosvJBCOmVjq6x12fCg=="],
  }
}
